dependencies:
- name: prometheus
  repository: https://prometheus-community.github.io/helm-charts
  version: 14.6.0
- name: grafana
  repository: https://grafana.github.io/helm-charts
  version: 6.16.2
- name: opentelemetry-collector
  repository: https://open-telemetry.github.io/opentelemetry-helm-charts
  version: 0.93.3
digest: sha256:4025b0e61e9889d55016505f93a4718b548bc7a36599cf4cfe29ba31fdfd1503
generated: "2024-06-17T15:44:50.374800619+09:00"
