dependencies:
- name: prometheus
  repository: https://prometheus-community.github.io/helm-charts
  version: 14.6.0
- name: grafana
  repository: https://grafana.github.io/helm-charts
  version: 8.4.0
- name: opentelemetry-collector
  repository: https://open-telemetry.github.io/opentelemetry-helm-charts
  version: 0.93.3
digest: sha256:70a2b5c168161cb0708b53d1f13e8d8d5c2bdd4e7a3d2164dbfb7b0c64c02588
generated: "2024-08-02T09:51:22.670788848+09:00"
