# THIS IS AN AUTOGENERATED FILE. DO NOT EDIT THIS FILE DIRECTLY.
# yarn lockfile v1


"@bazel/labs@^1.6.1":
  version "1.6.1"
  resolved "https://registry.yarnpkg.com/@bazel/labs/-/labs-1.6.1.tgz#56a408cfa4e37ba4643f142a4aa9c6a60194e5f3"
  integrity sha512-A3p4c/nkltp2TIMOerCoHhOiXSwSZEtSRYZHHaFdYYxWIGnVSv9lyH/28j34RBn5G35b6TW5GZT1cklLxY5IJg==
